// !$*UTF8*$!
{
	archiveVersion = 1;
	classes = {
	};
	objectVersion = 56;
	objects = {

/* Begin PBXBuildFile section */
		985C24382C9D9770000409EA /* Alamofire in Frameworks */ = {isa = PBXBuildFile; productRef = 985C24372C9D9770000409EA /* Alamofire */; };
		985C243D2C9D983F000409EA /* Swinject in Frameworks */ = {isa = PBXBuildFile; productRef = 985C243C2C9D983F000409EA /* Swinject */; };
		985C24422C9D991F000409EA /* Kingfisher in Frameworks */ = {isa = PBXBuildFile; productRef = 985C24412C9D991F000409EA /* Kingfisher */; };
		985C24482C9DE231000409EA /* Realm in Frameworks */ = {isa = PBXBuildFile; productRef = 985C24472C9DE231000409EA /* Realm */; };
		985C244D2C9DE310000409EA /* Toast in Frameworks */ = {isa = PBXBuildFile; productRef = 985C244C2C9DE310000409EA /* Toast */; };
		985C24512C9DE51D000409EA /* BottomSheet in Frameworks */ = {isa = PBXBuildFile; productRef = 985C24502C9DE51D000409EA /* BottomSheet */; };
		98EA87B12C9D906200DFD5EA /* AppDelegate.swift in Sources */ = {isa = PBXBuildFile; fileRef = 98EA87B02C9D906200DFD5EA /* AppDelegate.swift */; };
		98EA87B32C9D906200DFD5EA /* SceneDelegate.swift in Sources */ = {isa = PBXBuildFile; fileRef = 98EA87B22C9D906200DFD5EA /* SceneDelegate.swift */; };
		98EA87B52C9D906200DFD5EA /* ViewController.swift in Sources */ = {isa = PBXBuildFile; fileRef = 98EA87B42C9D906200DFD5EA /* ViewController.swift */; };
		98EA87B82C9D906200DFD5EA /* Base in Resources */ = {isa = PBXBuildFile; fileRef = 98EA87B72C9D906200DFD5EA /* Base */; };
		98EA87BA2C9D906300DFD5EA /* Assets.xcassets in Resources */ = {isa = PBXBuildFile; fileRef = 98EA87B92C9D906300DFD5EA /* Assets.xcassets */; };
		98EA87BD2C9D906300DFD5EA /* Base in Resources */ = {isa = PBXBuildFile; fileRef = 98EA87BC2C9D906300DFD5EA /* Base */; };
/* End PBXBuildFile section */

/* Begin PBXFileReference section */
		98EA87AD2C9D906200DFD5EA /* PodcastApp.app */ = {isa = PBXFileReference; explicitFileType = wrapper.application; includeInIndex = 0; path = PodcastApp.app; sourceTree = BUILT_PRODUCTS_DIR; };
		98EA87B02C9D906200DFD5EA /* AppDelegate.swift */ = {isa = PBXFileReference; lastKnownFileType = sourcecode.swift; path = AppDelegate.swift; sourceTree = "<group>"; };
		98EA87B22C9D906200DFD5EA /* SceneDelegate.swift */ = {isa = PBXFileReference; lastKnownFileType = sourcecode.swift; path = SceneDelegate.swift; sourceTree = "<group>"; };
		98EA87B42C9D906200DFD5EA /* ViewController.swift */ = {isa = PBXFileReference; lastKnownFileType = sourcecode.swift; path = ViewController.swift; sourceTree = "<group>"; };
		98EA87B72C9D906200DFD5EA /* Base */ = {isa = PBXFileReference; lastKnownFileType = file.storyboard; name = Base; path = Base.lproj/Main.storyboard; sourceTree = "<group>"; };
		98EA87B92C9D906300DFD5EA /* Assets.xcassets */ = {isa = PBXFileReference; lastKnownFileType = folder.assetcatalog; path = Assets.xcassets; sourceTree = "<group>"; };
		98EA87BC2C9D906300DFD5EA /* Base */ = {isa = PBXFileReference; lastKnownFileType = file.storyboard; name = Base; path = Base.lproj/LaunchScreen.storyboard; sourceTree = "<group>"; };
		98EA87BE2C9D906300DFD5EA /* Info.plist */ = {isa = PBXFileReference; lastKnownFileType = text.plist.xml; path = Info.plist; sourceTree = "<group>"; };
/* End PBXFileReference section */

/* Begin PBXFrameworksBuildPhase section */
		98EA87AA2C9D906200DFD5EA /* Frameworks */ = {
			isa = PBXFrameworksBuildPhase;
			buildActionMask = 2147483647;
			files = (
				985C24422C9D991F000409EA /* Kingfisher in Frameworks */,
				985C24512C9DE51D000409EA /* BottomSheet in Frameworks */,
				985C24382C9D9770000409EA /* Alamofire in Frameworks */,
				985C24482C9DE231000409EA /* Realm in Frameworks */,
				985C244D2C9DE310000409EA /* Toast in Frameworks */,
				985C243D2C9D983F000409EA /* Swinject in Frameworks */,
			);
			runOnlyForDeploymentPostprocessing = 0;
		};
/* End PBXFrameworksBuildPhase section */

/* Begin PBXGroup section */
		98EA87A42C9D906200DFD5EA = {
			isa = PBXGroup;
			children = (
				98EA87AF2C9D906200DFD5EA /* PodcastApp */,
				98EA87AE2C9D906200DFD5EA /* Products */,
			);
			sourceTree = "<group>";
		};
		98EA87AE2C9D906200DFD5EA /* Products */ = {
			isa = PBXGroup;
			children = (
				98EA87AD2C9D906200DFD5EA /* PodcastApp.app */,
			);
			name = Products;
			sourceTree = "<group>";
		};
		98EA87AF2C9D906200DFD5EA /* PodcastApp */ = {
			isa = PBXGroup;
			children = (
				98EA87B02C9D906200DFD5EA /* AppDelegate.swift */,
				98EA87B22C9D906200DFD5EA /* SceneDelegate.swift */,
				98EA87B42C9D906200DFD5EA /* ViewController.swift */,
				98EA87B62C9D906200DFD5EA /* Main.storyboard */,
				98EA87B92C9D906300DFD5EA /* Assets.xcassets */,
				98EA87BB2C9D906300DFD5EA /* LaunchScreen.storyboard */,
				98EA87BE2C9D906300DFD5EA /* Info.plist */,
			);
			path = PodcastApp;
			sourceTree = "<group>";
		};
/* End PBXGroup section */

/* Begin PBXNativeTarget section */
		98EA87AC2C9D906200DFD5EA /* PodcastApp */ = {
			isa = PBXNativeTarget;
			buildConfigurationList = 98EA87C12C9D906300DFD5EA /* Build configuration list for PBXNativeTarget "PodcastApp" */;
			buildPhases = (
				98EA87A92C9D906200DFD5EA /* Sources */,
				98EA87AA2C9D906200DFD5EA /* Frameworks */,
				98EA87AB2C9D906200DFD5EA /* Resources */,
				985C244E2C9DE371000409EA /* SwiftLint */,
			);
			buildRules = (
			);
			dependencies = (
			);
			name = PodcastApp;
			packageProductDependencies = (
				985C24372C9D9770000409EA /* Alamofire */,
				985C243C2C9D983F000409EA /* Swinject */,
				985C24412C9D991F000409EA /* Kingfisher */,
				985C24472C9DE231000409EA /* Realm */,
				985C244C2C9DE310000409EA /* Toast */,
				985C24502C9DE51D000409EA /* BottomSheet */,
			);
			productName = PodcastApp;
			productReference = 98EA87AD2C9D906200DFD5EA /* PodcastApp.app */;
			productType = "com.apple.product-type.application";
		};
/* End PBXNativeTarget section */

/* Begin PBXProject section */
		98EA87A52C9D906200DFD5EA /* Project object */ = {
			isa = PBXProject;
			attributes = {
				BuildIndependentTargetsInParallel = 1;
				LastSwiftUpdateCheck = 1540;
				LastUpgradeCheck = 1540;
				TargetAttributes = {
					98EA87AC2C9D906200DFD5EA = {
						CreatedOnToolsVersion = 15.4;
					};
				};
			};
			buildConfigurationList = 98EA87A82C9D906200DFD5EA /* Build configuration list for PBXProject "PodcastApp" */;
			compatibilityVersion = "Xcode 14.0";
			developmentRegion = en;
			hasScannedForEncodings = 0;
			knownRegions = (
				en,
				Base,
			);
			mainGroup = 98EA87A42C9D906200DFD5EA;
			packageReferences = (
				985C24362C9D9770000409EA /* XCRemoteSwiftPackageReference "Alamofire" */,
				985C243B2C9D983F000409EA /* XCRemoteSwiftPackageReference "Swinject" */,
				985C24402C9D991F000409EA /* XCRemoteSwiftPackageReference "Kingfisher" */,
				985C24432C9D9E38000409EA /* XCRemoteSwiftPackageReference "SwiftLint" */,
				985C24462C9DE231000409EA /* XCRemoteSwiftPackageReference "realm-swift" */,
				985C244B2C9DE310000409EA /* XCRemoteSwiftPackageReference "Toast-Swift" */,
				985C244F2C9DE51D000409EA /* XCRemoteSwiftPackageReference "BottomSheet" */,
			);
			productRefGroup = 98EA87AE2C9D906200DFD5EA /* Products */;
			projectDirPath = "";
			projectRoot = "";
			targets = (
				98EA87AC2C9D906200DFD5EA /* PodcastApp */,
			);
		};
/* End PBXProject section */

/* Begin PBXResourcesBuildPhase section */
		98EA87AB2C9D906200DFD5EA /* Resources */ = {
			isa = PBXResourcesBuildPhase;
			buildActionMask = 2147483647;
			files = (
				98EA87BA2C9D906300DFD5EA /* Assets.xcassets in Resources */,
				98EA87BD2C9D906300DFD5EA /* Base in Resources */,
				98EA87B82C9D906200DFD5EA /* Base in Resources */,
			);
			runOnlyForDeploymentPostprocessing = 0;
		};
/* End PBXResourcesBuildPhase section */

/* Begin PBXShellScriptBuildPhase section */
		985C244E2C9DE371000409EA /* SwiftLint */ = {
			isa = PBXShellScriptBuildPhase;
			buildActionMask = 2147483647;
			files = (
			);
			inputFileListPaths = (
			);
			inputPaths = (
			);
			name = SwiftLint;
			outputFileListPaths = (
			);
			outputPaths = (
			);
			runOnlyForDeploymentPostprocessing = 0;
			shellPath = /bin/sh;
			shellScript = "export PATH=\"$PATH:/opt/homebrew/bin\"\n\nif which swiftlint > /dev/null; then\n    swiftlint\nelse\n    echo \"warning: SwiftLint not installed, download from https://github.com/realm/SwiftLint\"\nfi\n";
		};
/* End PBXShellScriptBuildPhase section */

/* Begin PBXSourcesBuildPhase section */
		98EA87A92C9D906200DFD5EA /* Sources */ = {
			isa = PBXSourcesBuildPhase;
			buildActionMask = 2147483647;
			files = (
				98EA87B52C9D906200DFD5EA /* ViewController.swift in Sources */,
				98EA87B12C9D906200DFD5EA /* AppDelegate.swift in Sources */,
				98EA87B32C9D906200DFD5EA /* SceneDelegate.swift in Sources */,
			);
			runOnlyForDeploymentPostprocessing = 0;
		};
/* End PBXSourcesBuildPhase section */

/* Begin PBXVariantGroup section */
		98EA87B62C9D906200DFD5EA /* Main.storyboard */ = {
			isa = PBXVariantGroup;
			children = (
				98EA87B72C9D906200DFD5EA /* Base */,
			);
			name = Main.storyboard;
			sourceTree = "<group>";
		};
		98EA87BB2C9D906300DFD5EA /* LaunchScreen.storyboard */ = {
			isa = PBXVariantGroup;
			children = (
				98EA87BC2C9D906300DFD5EA /* Base */,
			);
			name = LaunchScreen.storyboard;
			sourceTree = "<group>";
		};
/* End PBXVariantGroup section */

/* Begin XCBuildConfiguration section */
		98EA87BF2C9D906300DFD5EA /* Debug */ = {
			isa = XCBuildConfiguration;
			buildSettings = {
				ALWAYS_SEARCH_USER_PATHS = NO;
				ASSETCATALOG_COMPILER_GENERATE_SWIFT_ASSET_SYMBOL_EXTENSIONS = YES;
				CLANG_ANALYZER_NONNULL = YES;
				CLANG_ANALYZER_NUMBER_OBJECT_CONVERSION = YES_AGGRESSIVE;
				CLANG_CXX_LANGUAGE_STANDARD = "gnu++20";
				CLANG_ENABLE_MODULES = YES;
				CLANG_ENABLE_OBJC_ARC = YES;
				CLANG_ENABLE_OBJC_WEAK = YES;
				CLANG_WARN_BLOCK_CAPTURE_AUTORELEASING = YES;
				CLANG_WARN_BOOL_CONVERSION = YES;
				CLANG_WARN_COMMA = YES;
				CLANG_WARN_CONSTANT_CONVERSION = YES;
				CLANG_WARN_DEPRECATED_OBJC_IMPLEMENTATIONS = YES;
				CLANG_WARN_DIRECT_OBJC_ISA_USAGE = YES_ERROR;
				CLANG_WARN_DOCUMENTATION_COMMENTS = YES;
				CLANG_WARN_EMPTY_BODY = YES;
				CLANG_WARN_ENUM_CONVERSION = YES;
				CLANG_WARN_INFINITE_RECURSION = YES;
				CLANG_WARN_INT_CONVERSION = YES;
				CLANG_WARN_NON_LITERAL_NULL_CONVERSION = YES;
				CLANG_WARN_OBJC_IMPLICIT_RETAIN_SELF = YES;
				CLANG_WARN_OBJC_LITERAL_CONVERSION = YES;
				CLANG_WARN_OBJC_ROOT_CLASS = YES_ERROR;
				CLANG_WARN_QUOTED_INCLUDE_IN_FRAMEWORK_HEADER = YES;
				CLANG_WARN_RANGE_LOOP_ANALYSIS = YES;
				CLANG_WARN_STRICT_PROTOTYPES = YES;
				CLANG_WARN_SUSPICIOUS_MOVE = YES;
				CLANG_WARN_UNGUARDED_AVAILABILITY = YES_AGGRESSIVE;
				CLANG_WARN_UNREACHABLE_CODE = YES;
				CLANG_WARN__DUPLICATE_METHOD_MATCH = YES;
				COPY_PHASE_STRIP = NO;
				DEBUG_INFORMATION_FORMAT = dwarf;
				ENABLE_STRICT_OBJC_MSGSEND = YES;
				ENABLE_TESTABILITY = YES;
				ENABLE_USER_SCRIPT_SANDBOXING = YES;
				GCC_C_LANGUAGE_STANDARD = gnu17;
				GCC_DYNAMIC_NO_PIC = NO;
				GCC_NO_COMMON_BLOCKS = YES;
				GCC_OPTIMIZATION_LEVEL = 0;
				GCC_PREPROCESSOR_DEFINITIONS = (
					"DEBUG=1",
					"$(inherited)",
				);
				GCC_WARN_64_TO_32_BIT_CONVERSION = YES;
				GCC_WARN_ABOUT_RETURN_TYPE = YES_ERROR;
				GCC_WARN_UNDECLARED_SELECTOR = YES;
				GCC_WARN_UNINITIALIZED_AUTOS = YES_AGGRESSIVE;
				GCC_WARN_UNUSED_FUNCTION = YES;
				GCC_WARN_UNUSED_VARIABLE = YES;
				IPHONEOS_DEPLOYMENT_TARGET = 17.5;
				LOCALIZATION_PREFERS_STRING_CATALOGS = YES;
				MTL_ENABLE_DEBUG_INFO = INCLUDE_SOURCE;
				MTL_FAST_MATH = YES;
				ONLY_ACTIVE_ARCH = YES;
				SDKROOT = iphoneos;
				SWIFT_ACTIVE_COMPILATION_CONDITIONS = "DEBUG $(inherited)";
				SWIFT_OPTIMIZATION_LEVEL = "-Onone";
			};
			name = Debug;
		};
		98EA87C02C9D906300DFD5EA /* Release */ = {
			isa = XCBuildConfiguration;
			buildSettings = {
				ALWAYS_SEARCH_USER_PATHS = NO;
				ASSETCATALOG_COMPILER_GENERATE_SWIFT_ASSET_SYMBOL_EXTENSIONS = YES;
				CLANG_ANALYZER_NONNULL = YES;
				CLANG_ANALYZER_NUMBER_OBJECT_CONVERSION = YES_AGGRESSIVE;
				CLANG_CXX_LANGUAGE_STANDARD = "gnu++20";
				CLANG_ENABLE_MODULES = YES;
				CLANG_ENABLE_OBJC_ARC = YES;
				CLANG_ENABLE_OBJC_WEAK = YES;
				CLANG_WARN_BLOCK_CAPTURE_AUTORELEASING = YES;
				CLANG_WARN_BOOL_CONVERSION = YES;
				CLANG_WARN_COMMA = YES;
				CLANG_WARN_CONSTANT_CONVERSION = YES;
				CLANG_WARN_DEPRECATED_OBJC_IMPLEMENTATIONS = YES;
				CLANG_WARN_DIRECT_OBJC_ISA_USAGE = YES_ERROR;
				CLANG_WARN_DOCUMENTATION_COMMENTS = YES;
				CLANG_WARN_EMPTY_BODY = YES;
				CLANG_WARN_ENUM_CONVERSION = YES;
				CLANG_WARN_INFINITE_RECURSION = YES;
				CLANG_WARN_INT_CONVERSION = YES;
				CLANG_WARN_NON_LITERAL_NULL_CONVERSION = YES;
				CLANG_WARN_OBJC_IMPLICIT_RETAIN_SELF = YES;
				CLANG_WARN_OBJC_LITERAL_CONVERSION = YES;
				CLANG_WARN_OBJC_ROOT_CLASS = YES_ERROR;
				CLANG_WARN_QUOTED_INCLUDE_IN_FRAMEWORK_HEADER = YES;
				CLANG_WARN_RANGE_LOOP_ANALYSIS = YES;
				CLANG_WARN_STRICT_PROTOTYPES = YES;
				CLANG_WARN_SUSPICIOUS_MOVE = YES;
				CLANG_WARN_UNGUARDED_AVAILABILITY = YES_AGGRESSIVE;
				CLANG_WARN_UNREACHABLE_CODE = YES;
				CLANG_WARN__DUPLICATE_METHOD_MATCH = YES;
				COPY_PHASE_STRIP = NO;
				DEBUG_INFORMATION_FORMAT = "dwarf-with-dsym";
				ENABLE_NS_ASSERTIONS = NO;
				ENABLE_STRICT_OBJC_MSGSEND = YES;
				ENABLE_USER_SCRIPT_SANDBOXING = YES;
				GCC_C_LANGUAGE_STANDARD = gnu17;
				GCC_NO_COMMON_BLOCKS = YES;
				GCC_WARN_64_TO_32_BIT_CONVERSION = YES;
				GCC_WARN_ABOUT_RETURN_TYPE = YES_ERROR;
				GCC_WARN_UNDECLARED_SELECTOR = YES;
				GCC_WARN_UNINITIALIZED_AUTOS = YES_AGGRESSIVE;
				GCC_WARN_UNUSED_FUNCTION = YES;
				GCC_WARN_UNUSED_VARIABLE = YES;
				IPHONEOS_DEPLOYMENT_TARGET = 17.5;
				LOCALIZATION_PREFERS_STRING_CATALOGS = YES;
				MTL_ENABLE_DEBUG_INFO = NO;
				MTL_FAST_MATH = YES;
				SDKROOT = iphoneos;
				SWIFT_COMPILATION_MODE = wholemodule;
				VALIDATE_PRODUCT = YES;
			};
			name = Release;
		};
		98EA87C22C9D906300DFD5EA /* Debug */ = {
			isa = XCBuildConfiguration;
			buildSettings = {
				ASSETCATALOG_COMPILER_APPICON_NAME = AppIcon;
				ASSETCATALOG_COMPILER_GLOBAL_ACCENT_COLOR_NAME = AccentColor;
				CODE_SIGN_STYLE = Automatic;
				CURRENT_PROJECT_VERSION = 1;
				DEVELOPMENT_TEAM = 66C8Q7ZLNJ;
				GENERATE_INFOPLIST_FILE = YES;
				INFOPLIST_FILE = PodcastApp/Info.plist;
				INFOPLIST_KEY_UIApplicationSupportsIndirectInputEvents = YES;
				INFOPLIST_KEY_UILaunchStoryboardName = LaunchScreen;
				INFOPLIST_KEY_UIMainStoryboardFile = Main;
				INFOPLIST_KEY_UISupportedInterfaceOrientations_iPad = "UIInterfaceOrientationPortrait UIInterfaceOrientationPortraitUpsideDown UIInterfaceOrientationLandscapeLeft UIInterfaceOrientationLandscapeRight";
				INFOPLIST_KEY_UISupportedInterfaceOrientations_iPhone = "UIInterfaceOrientationPortrait UIInterfaceOrientationLandscapeLeft UIInterfaceOrientationLandscapeRight";
				IPHONEOS_DEPLOYMENT_TARGET = 14.0;
				LD_RUNPATH_SEARCH_PATHS = (
					"$(inherited)",
					"@executable_path/Frameworks",
				);
				MARKETING_VERSION = 1.0;
				PRODUCT_BUNDLE_IDENTIFIER = info.PodcastApp;
				PRODUCT_NAME = "$(TARGET_NAME)";
				SWIFT_EMIT_LOC_STRINGS = YES;
				SWIFT_VERSION = 5.0;
				TARGETED_DEVICE_FAMILY = "1,2";
			};
			name = Debug;
		};
		98EA87C32C9D906300DFD5EA /* Release */ = {
			isa = XCBuildConfiguration;
			buildSettings = {
				ASSETCATALOG_COMPILER_APPICON_NAME = AppIcon;
				ASSETCATALOG_COMPILER_GLOBAL_ACCENT_COLOR_NAME = AccentColor;
				CODE_SIGN_STYLE = Automatic;
				CURRENT_PROJECT_VERSION = 1;
				DEVELOPMENT_TEAM = 66C8Q7ZLNJ;
				GENERATE_INFOPLIST_FILE = YES;
				INFOPLIST_FILE = PodcastApp/Info.plist;
				INFOPLIST_KEY_UIApplicationSupportsIndirectInputEvents = YES;
				INFOPLIST_KEY_UILaunchStoryboardName = LaunchScreen;
				INFOPLIST_KEY_UIMainStoryboardFile = Main;
				INFOPLIST_KEY_UISupportedInterfaceOrientations_iPad = "UIInterfaceOrientationPortrait UIInterfaceOrientationPortraitUpsideDown UIInterfaceOrientationLandscapeLeft UIInterfaceOrientationLandscapeRight";
				INFOPLIST_KEY_UISupportedInterfaceOrientations_iPhone = "UIInterfaceOrientationPortrait UIInterfaceOrientationLandscapeLeft UIInterfaceOrientationLandscapeRight";
				IPHONEOS_DEPLOYMENT_TARGET = 14.0;
				LD_RUNPATH_SEARCH_PATHS = (
					"$(inherited)",
					"@executable_path/Frameworks",
				);
				MARKETING_VERSION = 1.0;
				PRODUCT_BUNDLE_IDENTIFIER = info.PodcastApp;
				PRODUCT_NAME = "$(TARGET_NAME)";
				SWIFT_EMIT_LOC_STRINGS = YES;
				SWIFT_VERSION = 5.0;
				TARGETED_DEVICE_FAMILY = "1,2";
			};
			name = Release;
		};
/* End XCBuildConfiguration section */

/* Begin XCConfigurationList section */
		98EA87A82C9D906200DFD5EA /* Build configuration list for PBXProject "PodcastApp" */ = {
			isa = XCConfigurationList;
			buildConfigurations = (
				98EA87BF2C9D906300DFD5EA /* Debug */,
				98EA87C02C9D906300DFD5EA /* Release */,
			);
			defaultConfigurationIsVisible = 0;
			defaultConfigurationName = Release;
		};
		98EA87C12C9D906300DFD5EA /* Build configuration list for PBXNativeTarget "PodcastApp" */ = {
			isa = XCConfigurationList;
			buildConfigurations = (
				98EA87C22C9D906300DFD5EA /* Debug */,
				98EA87C32C9D906300DFD5EA /* Release */,
			);
			defaultConfigurationIsVisible = 0;
			defaultConfigurationName = Release;
		};
/* End XCConfigurationList section */

/* Begin XCRemoteSwiftPackageReference section */
		985C24362C9D9770000409EA /* XCRemoteSwiftPackageReference "Alamofire" */ = {
			isa = XCRemoteSwiftPackageReference;
			repositoryURL = "http://github.com//Alamofire/Alamofire.git";
			requirement = {
				kind = upToNextMajorVersion;
				minimumVersion = 5.9.1;
			};
		};
		985C243B2C9D983F000409EA /* XCRemoteSwiftPackageReference "Swinject" */ = {
			isa = XCRemoteSwiftPackageReference;
			repositoryURL = "https://github.com/Swinject/Swinject.git";
			requirement = {
				kind = upToNextMajorVersion;
				minimumVersion = 2.9.1;
			};
		};
		985C24402C9D991F000409EA /* XCRemoteSwiftPackageReference "Kingfisher" */ = {
			isa = XCRemoteSwiftPackageReference;
			repositoryURL = "https://github.com/onevcat/Kingfisher";
			requirement = {
				kind = upToNextMajorVersion;
				minimumVersion = 8.0.1;
			};
		};
		985C24432C9D9E38000409EA /* XCRemoteSwiftPackageReference "SwiftLint" */ = {
			isa = XCRemoteSwiftPackageReference;
			repositoryURL = "https://github.com/realm/SwiftLint.git";
			requirement = {
				kind = upToNextMajorVersion;
				minimumVersion = 0.57.0;
			};
		};
		985C24462C9DE231000409EA /* XCRemoteSwiftPackageReference "realm-swift" */ = {
			isa = XCRemoteSwiftPackageReference;
			repositoryURL = "https://github.com/realm/realm-swift";
			requirement = {
				branch = master;
				kind = branch;
			};
		};
		985C244B2C9DE310000409EA /* XCRemoteSwiftPackageReference "Toast-Swift" */ = {
			isa = XCRemoteSwiftPackageReference;
			repositoryURL = "https://github.com/scalessec/Toast-Swift";
			requirement = {
				kind = upToNextMajorVersion;
				minimumVersion = 5.1.1;
			};
		};
		985C244F2C9DE51D000409EA /* XCRemoteSwiftPackageReference "BottomSheet" */ = {
			isa = XCRemoteSwiftPackageReference;
			repositoryURL = "https://github.com/joomcode/BottomSheet";
			requirement = {
				kind = upToNextMajorVersion;
				minimumVersion = 2.0.5;
			};
		};
/* End XCRemoteSwiftPackageReference section */

/* Begin XCSwiftPackageProductDependency section */
		985C24372C9D9770000409EA /* Alamofire */ = {
			isa = XCSwiftPackageProductDependency;
			package = 985C24362C9D9770000409EA /* XCRemoteSwiftPackageReference "Alamofire" */;
			productName = Alamofire;
		};
		985C243C2C9D983F000409EA /* Swinject */ = {
			isa = XCSwiftPackageProductDependency;
			package = 985C243B2C9D983F000409EA /* XCRemoteSwiftPackageReference "Swinject" */;
			productName = Swinject;
		};
		985C24412C9D991F000409EA /* Kingfisher */ = {
			isa = XCSwiftPackageProductDependency;
			package = 985C24402C9D991F000409EA /* XCRemoteSwiftPackageReference "Kingfisher" */;
			productName = Kingfisher;
		};
		985C24472C9DE231000409EA /* Realm */ = {
			isa = XCSwiftPackageProductDependency;
			package = 985C24462C9DE231000409EA /* XCRemoteSwiftPackageReference "realm-swift" */;
			productName = Realm;
		};
		985C244C2C9DE310000409EA /* Toast */ = {
			isa = XCSwiftPackageProductDependency;
			package = 985C244B2C9DE310000409EA /* XCRemoteSwiftPackageReference "Toast-Swift" */;
			productName = Toast;
		};
		985C24502C9DE51D000409EA /* BottomSheet */ = {
			isa = XCSwiftPackageProductDependency;
			package = 985C244F2C9DE51D000409EA /* XCRemoteSwiftPackageReference "BottomSheet" */;
			productName = BottomSheet;
		};
/* End XCSwiftPackageProductDependency section */
	};
	rootObject = 98EA87A52C9D906200DFD5EA /* Project object */;
}
